
Microsoft Visual Studio Solution File, Format Version 12.00
# Visual Studio 15
VisualStudioVersion = 15.0.27130.2026
MinimumVisualStudioVersion = 10.0.40219.1
Project("{FAE04EC0-301F-11D3-BF4B-00C04F79EFBC}") = "ProyectoWeb2", "ProyectoWeb2\ProyectoWeb2.csproj", "{45CE6FC0-DBED-4867-9EA1-B900AF93BD68}"
EndProject
Global
	GlobalSection(SolutionConfigurationPlatforms) = preSolution
		Debug|Any CPU = Debug|Any CPU
		Release|Any CPU = Release|Any CPU
	EndGlobalSection
	GlobalSection(ProjectConfigurationPlatforms) = postSolution
		{45CE6FC0-DBED-4867-9EA1-B900AF93BD68}.Debug|Any CPU.ActiveCfg = Debug|Any CPU
		{45CE6FC0-DBED-4867-9EA1-B900AF93BD68}.Debug|Any CPU.Build.0 = Debug|Any CPU
		{45CE6FC0-DBED-4867-9EA1-B900AF93BD68}.Release|Any CPU.ActiveCfg = Release|Any CPU
		{45CE6FC0-DBED-4867-9EA1-B900AF93BD68}.Release|Any CPU.Build.0 = Release|Any CPU
	EndGlobalSection
	GlobalSection(SolutionProperties) = preSolution
		HideSolutionNode = FALSE
	EndGlobalSection
	GlobalSection(ExtensibilityGlobals) = postSolution
		SolutionGuid = {758EACA2-AEC8-48B5-A8D8-36F7361CB540}
	EndGlobalSection
EndGlobal
